
Microsoft Visual Studio Solution File, Format Version 12.00
# Visual Studio 15
VisualStudioVersion = 15.0.28307.1300
MinimumVisualStudioVersion = 10.0.40219.1
Project("{FAE04EC0-301F-11D3-BF4B-00C04F79EFBC}") = "Datastructures", "Datastructures\Datastructures.csproj", "{124F8AB2-E9FC-44B4-8FB3-D215A4139782}"
EndProject
Project("{FAE04EC0-301F-11D3-BF4B-00C04F79EFBC}") = "LinkedListTest", "LinkedList\LinkedListTest.csproj", "{BBF6BE6E-5850-475A-948C-59B130AA2829}"
EndProject
Global
	GlobalSection(SolutionConfigurationPlatforms) = preSolution
		Debug|Any CPU = Debug|Any CPU
		Release|Any CPU = Release|Any CPU
	EndGlobalSection
	GlobalSection(ProjectConfigurationPlatforms) = postSolution
		{124F8AB2-E9FC-44B4-8FB3-D215A4139782}.Debug|Any CPU.ActiveCfg = Debug|Any CPU
		{124F8AB2-E9FC-44B4-8FB3-D215A4139782}.Debug|Any CPU.Build.0 = Debug|Any CPU
		{124F8AB2-E9FC-44B4-8FB3-D215A4139782}.Release|Any CPU.ActiveCfg = Release|Any CPU
		{124F8AB2-E9FC-44B4-8FB3-D215A4139782}.Release|Any CPU.Build.0 = Release|Any CPU
		{BBF6BE6E-5850-475A-948C-59B130AA2829}.Debug|Any CPU.ActiveCfg = Debug|Any CPU
		{BBF6BE6E-5850-475A-948C-59B130AA2829}.Debug|Any CPU.Build.0 = Debug|Any CPU
		{BBF6BE6E-5850-475A-948C-59B130AA2829}.Release|Any CPU.ActiveCfg = Release|Any CPU
		{BBF6BE6E-5850-475A-948C-59B130AA2829}.Release|Any CPU.Build.0 = Release|Any CPU
	EndGlobalSection
	GlobalSection(SolutionProperties) = preSolution
		HideSolutionNode = FALSE
	EndGlobalSection
	GlobalSection(ExtensibilityGlobals) = postSolution
		SolutionGuid = {E3B7A6D7-8911-4A56-A23C-D74A18728693}
	EndGlobalSection
EndGlobal
